{
  "version": 4,
  "terraform_version": "0.14.8",
  "serial": 10,
  "lineage": "d5d18592-6c60-7668-da62-05afcba94e56",
  "outputs": {
    "jenkins_ip": {
      "value": "206.81.7.115",
      "type": "string"
    }
  },
  "resources": [
    {
      "mode": "data",
      "type": "digitalocean_ssh_key",
      "name": "ssh_key",
      "provider": "provider[\"registry.terraform.io/digitalocean/digitalocean\"]",
      "instances": [
        {
          "schema_version": 0,
          "attributes": {
            "fingerprint": "d1:04:92:6c:9f:16:1b:ea:e3:60:7d:07:93:27:65:d6",
            "id": 38062990,
            "name": "terraform",
            "public_key": "ssh-rsa AAAAB3NzaC1yc2EAAAADAQABAAABAQCmYXnsU33bYhuMgBoT4y0YRO1mChu4X44/RgjVTZJ0m8p7Zp4HFzD32T/rVEenybCg6aqNRmK8qC8zbn5uIHiyZZnncVCCMBNKL6IpbWCyaZ0S6bF/6IlMvlPrav2IRq+ZM+n3PBJocWXqfZ4u2y3f36bHkHReY8jkf9bTEe9RQUMnC+WhuVfjc9SNkKLm6PvYDmC3jNAtV0I+Gp1MPnITGXja9v2NjHoUIcpt56UuxSc+vlOw1Ivyg2FhJpazOYzZaas9JVoNyEj7Yw0WbYMlQUmgQAj+pQGhhR8tRPZX3uyvHWrp6q3n4u5g42lW+wglZxRTcUUFcHDV5ALgo15p estudo@atlas\n"
          },
          "sensitive_attributes": []
        }
      ]
    },
    {
      "mode": "managed",
      "type": "digitalocean_droplet",
      "name": "jenkins",
      "provider": "provider[\"registry.terraform.io/digitalocean/digitalocean\"]",
      "instances": [
        {
          "schema_version": 1,
          "attributes": {
            "backups": false,
            "created_at": "2023-04-16T22:32:32Z",
            "disk": 60,
            "droplet_agent": null,
            "graceful_shutdown": false,
            "id": "351025050",
            "image": "ubuntu-22-04-x64",
            "ipv4_address": "206.81.7.115",
            "ipv4_address_private": "10.116.0.2",
            "ipv6": false,
            "ipv6_address": "",
            "locked": false,
            "memory": 2048,
            "monitoring": false,
            "name": "jenkins",
            "price_hourly": 0.02679,
            "price_monthly": 18,
            "private_networking": true,
            "region": "nyc1",
            "resize_disk": true,
            "size": "s-2vcpu-2gb",
            "ssh_keys": [
              "38062990"
            ],
            "status": "active",
            "tags": [],
            "timeouts": null,
            "urn": "do:droplet:351025050",
            "user_data": null,
            "vcpus": 2,
            "volume_ids": [],
            "vpc_uuid": "b02c1a3d-0cb4-442b-8249-6d845d6937be"
          },
          "sensitive_attributes": [],
          "private": "eyJlMmJmYjczMC1lY2FhLTExZTYtOGY4OC0zNDM2M2JjN2M0YzAiOnsiY3JlYXRlIjozNjAwMDAwMDAwMDAwLCJkZWxldGUiOjYwMDAwMDAwMDAwLCJ1cGRhdGUiOjM2MDAwMDAwMDAwMDB9LCJzY2hlbWFfdmVyc2lvbiI6IjEifQ==",
          "dependencies": [
            "data.digitalocean_ssh_key.ssh_key"
          ]
        }
      ]
    },
    {
      "mode": "managed",
      "type": "digitalocean_kubernetes_cluster",
      "name": "k8s",
      "provider": "provider[\"registry.terraform.io/digitalocean/digitalocean\"]",
      "instances": [
        {
          "schema_version": 3,
          "attributes": {
            "auto_upgrade": false,
            "cluster_subnet": "10.244.0.0/16",
            "created_at": "2023-04-16 22:50:08 +0000 UTC",
            "endpoint": "https://b840b857-e22c-4daa-bebb-96768c91f686.k8s.ondigitalocean.com",
            "ha": false,
            "id": "b840b857-e22c-4daa-bebb-96768c91f686",
            "ipv4_address": "",
            "kube_config": [
              {
                "client_certificate": "",
                "client_key": "",
                "cluster_ca_certificate": "LS0tLS1CRUdJTiBDRVJUSUZJQ0FURS0tLS0tCk1JSURKekNDQWcrZ0F3SUJBZ0lDQm5Vd0RRWUpLb1pJaHZjTkFRRUxCUUF3TXpFVk1CTUdBMVVFQ2hNTVJHbG4KYVhSaGJFOWpaV0Z1TVJvd0dBWURWUVFERXhGck9ITmhZWE1nUTJ4MWMzUmxjaUJEUVRBZUZ3MHlNekEwTVRZeQpNalV3TVRCYUZ3MDBNekEwTVRZeU1qVXdNVEJhTURNeEZUQVRCZ05WQkFvVERFUnBaMmwwWVd4UFkyVmhiakVhCk1CZ0dBMVVFQXhNUmF6aHpZV0Z6SUVOc2RYTjBaWElnUTBFd2dnRWlNQTBHQ1NxR1NJYjNEUUVCQVFVQUE0SUIKRHdBd2dnRUtBb0lCQVFEZUxZdVBIN0V3NEZub2Z1YTlNemxNUzgzM3FnSXU3V2FrVXlaU21JUmdIbzRGR3BZbApiK0lma3JJb1B5UUpHOEFyVHpoVnh1bGNTeTBJTERWb3FUS1l1eDg4OUpyVDhxY3JLWnJ2VFJkaEFObGIyanZSCngzTWpQMHp2Q3ZtaXdwbzJPVlhkcHA4UThrSitRMzJ4TUV2ei9vMTF6RndrTG1GZGNhQzI0SytmTlNrYkJRRnYKSDF0ckVFaHZzZ2RvNzhwbXZaenh2SXh1UVFkMkRXdDlROEJmaVBiUUNoclN0UkZkUEg4NnFQeWpabzBkZkRIdApuSk4rRU5panpwUG1ZL3YvaUFETys4endZTmNvd1NRWXlCUHNlUWxTZzBKZkI3Zm1PcFVyRUEvU29MY2lUbFRrClI3bHJaM3NBY3JMRnJGNll3YktiZUtqMGFvak53Rzl4UVU2VkFnTUJBQUdqUlRCRE1BNEdBMVVkRHdFQi93UUUKQXdJQmhqQVNCZ05WSFJNQkFmOEVDREFHQVFIL0FnRUFNQjBHQTFVZERnUVdCQlN6U0x1K0NidGZWODMvYllTeQp0Tjc3SFJWMzlEQU5CZ2txaGtpRzl3MEJBUXNGQUFPQ0FRRUFEaW50SWlqaStiQjhjcnBEQ2xyaEVpcTh2UjlFCkxWSW80Y0NpNGQ1NjlCcThSWDhzRWcyeDAyUHJsbGRJN1hQd2FwWStuTHRqbmRvL09DcUFFckdUK0dtb3NTckkKMWZ2RWs2cjVNQTBhR2kvbWI5MUdZSUxkQkUvaEpueUpmU2hVVTMvMFlxRDFoS2ROVStrUWRGZW1sbHpEN3FkWApSSXFYMTRaZ05DU2lkTTBMWm9oLzFHdUZQMGk5VDhxeGRCMUZZVmtlZ1FkQXFGb3luNDlKRUwzZU93QVVRUlFaCjlwTjVmdHZWVHBpUDV2MXAvelhMM2xNSTFxYXNsZ0JYc1Q3bHZGUTJESUhwWGMvVXJjWTdzQWIrVFp2K2JYYnMKTGZEL0tXU2J3NTlCYzRiRCtjVmdDU3JVTlhMTkZZb0tGOEp4aFFtVWFrTzJDaGFlMXIxQW90aWk2Zz09Ci0tLS0tRU5EIENFUlRJRklDQVRFLS0tLS0K",
                "expires_at": "2023-04-23T22:54:58Z",
                "host": "https://b840b857-e22c-4daa-bebb-96768c91f686.k8s.ondigitalocean.com",
                "raw_config": "apiVersion: v1\nkind: Config\nclusters:\n- cluster:\n    certificate-authority-data: LS0tLS1CRUdJTiBDRVJUSUZJQ0FURS0tLS0tCk1JSURKekNDQWcrZ0F3SUJBZ0lDQm5Vd0RRWUpLb1pJaHZjTkFRRUxCUUF3TXpFVk1CTUdBMVVFQ2hNTVJHbG4KYVhSaGJFOWpaV0Z1TVJvd0dBWURWUVFERXhGck9ITmhZWE1nUTJ4MWMzUmxjaUJEUVRBZUZ3MHlNekEwTVRZeQpNalV3TVRCYUZ3MDBNekEwTVRZeU1qVXdNVEJhTURNeEZUQVRCZ05WQkFvVERFUnBaMmwwWVd4UFkyVmhiakVhCk1CZ0dBMVVFQXhNUmF6aHpZV0Z6SUVOc2RYTjBaWElnUTBFd2dnRWlNQTBHQ1NxR1NJYjNEUUVCQVFVQUE0SUIKRHdBd2dnRUtBb0lCQVFEZUxZdVBIN0V3NEZub2Z1YTlNemxNUzgzM3FnSXU3V2FrVXlaU21JUmdIbzRGR3BZbApiK0lma3JJb1B5UUpHOEFyVHpoVnh1bGNTeTBJTERWb3FUS1l1eDg4OUpyVDhxY3JLWnJ2VFJkaEFObGIyanZSCngzTWpQMHp2Q3ZtaXdwbzJPVlhkcHA4UThrSitRMzJ4TUV2ei9vMTF6RndrTG1GZGNhQzI0SytmTlNrYkJRRnYKSDF0ckVFaHZzZ2RvNzhwbXZaenh2SXh1UVFkMkRXdDlROEJmaVBiUUNoclN0UkZkUEg4NnFQeWpabzBkZkRIdApuSk4rRU5panpwUG1ZL3YvaUFETys4endZTmNvd1NRWXlCUHNlUWxTZzBKZkI3Zm1PcFVyRUEvU29MY2lUbFRrClI3bHJaM3NBY3JMRnJGNll3YktiZUtqMGFvak53Rzl4UVU2VkFnTUJBQUdqUlRCRE1BNEdBMVVkRHdFQi93UUUKQXdJQmhqQVNCZ05WSFJNQkFmOEVDREFHQVFIL0FnRUFNQjBHQTFVZERnUVdCQlN6U0x1K0NidGZWODMvYllTeQp0Tjc3SFJWMzlEQU5CZ2txaGtpRzl3MEJBUXNGQUFPQ0FRRUFEaW50SWlqaStiQjhjcnBEQ2xyaEVpcTh2UjlFCkxWSW80Y0NpNGQ1NjlCcThSWDhzRWcyeDAyUHJsbGRJN1hQd2FwWStuTHRqbmRvL09DcUFFckdUK0dtb3NTckkKMWZ2RWs2cjVNQTBhR2kvbWI5MUdZSUxkQkUvaEpueUpmU2hVVTMvMFlxRDFoS2ROVStrUWRGZW1sbHpEN3FkWApSSXFYMTRaZ05DU2lkTTBMWm9oLzFHdUZQMGk5VDhxeGRCMUZZVmtlZ1FkQXFGb3luNDlKRUwzZU93QVVRUlFaCjlwTjVmdHZWVHBpUDV2MXAvelhMM2xNSTFxYXNsZ0JYc1Q3bHZGUTJESUhwWGMvVXJjWTdzQWIrVFp2K2JYYnMKTGZEL0tXU2J3NTlCYzRiRCtjVmdDU3JVTlhMTkZZb0tGOEp4aFFtVWFrTzJDaGFlMXIxQW90aWk2Zz09Ci0tLS0tRU5EIENFUlRJRklDQVRFLS0tLS0K\n    server: https://b840b857-e22c-4daa-bebb-96768c91f686.k8s.ondigitalocean.com\n  name: do-nyc1-k8s\ncontexts:\n- context:\n    cluster: do-nyc1-k8s\n    user: do-nyc1-k8s-admin\n  name: do-nyc1-k8s\ncurrent-context: do-nyc1-k8s\nusers:\n- name: do-nyc1-k8s-admin\n  user:\n    token: dop_v1_15bb9517fbf4d636647d089bf74de5885f30d6d399f6879c3a9c843214cbbee8\n",
                "token": "dop_v1_15bb9517fbf4d636647d089bf74de5885f30d6d399f6879c3a9c843214cbbee8"
              }
            ],
            "maintenance_policy": [
              {
                "day": "any",
                "duration": "4h0m0s",
                "start_time": "22:00"
              }
            ],
            "name": "k8s",
            "node_pool": [
              {
                "actual_node_count": 2,
                "auto_scale": false,
                "id": "3a2c69d3-48e3-4acd-9434-cd3870cac147",
                "labels": {},
                "max_nodes": 0,
                "min_nodes": 0,
                "name": "default",
                "node_count": 2,
                "nodes": [
                  {
                    "created_at": "2023-04-16 22:50:08 +0000 UTC",
                    "droplet_id": "351026402",
                    "id": "0f163a80-8d97-42f3-8d15-b2ddc258d4c3",
                    "name": "default-fnag8",
                    "status": "running",
                    "updated_at": "2023-04-16 22:51:32 +0000 UTC"
                  },
                  {
                    "created_at": "2023-04-16 22:50:08 +0000 UTC",
                    "droplet_id": "351026401",
                    "id": "d95b74de-bd59-4ec9-97ec-b8be196586ab",
                    "name": "default-fnagu",
                    "status": "running",
                    "updated_at": "2023-04-16 22:51:32 +0000 UTC"
                  }
                ],
                "size": "s-2vcpu-2gb",
                "tags": [],
                "taint": []
              }
            ],
            "region": "nyc1",
            "service_subnet": "10.245.0.0/16",
            "status": "running",
            "surge_upgrade": true,
            "tags": [],
            "timeouts": null,
            "updated_at": "2023-04-16 22:54:51 +0000 UTC",
            "urn": "do:kubernetes:b840b857-e22c-4daa-bebb-96768c91f686",
            "version": "1.26.3-do.0",
            "vpc_uuid": "b02c1a3d-0cb4-442b-8249-6d845d6937be"
          },
          "sensitive_attributes": [],
          "private": "eyJlMmJmYjczMC1lY2FhLTExZTYtOGY4OC0zNDM2M2JjN2M0YzAiOnsiY3JlYXRlIjoxODAwMDAwMDAwMDAwfSwic2NoZW1hX3ZlcnNpb24iOiIzIn0="
        }
      ]
    }
  ]
}
